
Microsoft Visual Studio Solution File, Format Version 12.00
# Visual Studio Version 17
VisualStudioVersion = 17.11.35312.102
MinimumVisualStudioVersion = 10.0.40219.1
Project("{FAE04EC0-301F-11D3-BF4B-00C04F79EFBC}") = "MauiAppHotel3", "MauiAppHotel3\MauiAppHotel3.csproj", "{5404E683-1716-4825-AFD8-8B4FF867E5EB}"
EndProject
Global
	GlobalSection(SolutionConfigurationPlatforms) = preSolution
		Debug|Any CPU = Debug|Any CPU
		Release|Any CPU = Release|Any CPU
	EndGlobalSection
	GlobalSection(ProjectConfigurationPlatforms) = postSolution
		{5404E683-1716-4825-AFD8-8B4FF867E5EB}.Debug|Any CPU.ActiveCfg = Debug|Any CPU
		{5404E683-1716-4825-AFD8-8B4FF867E5EB}.Debug|Any CPU.Build.0 = Debug|Any CPU
		{5404E683-1716-4825-AFD8-8B4FF867E5EB}.Debug|Any CPU.Deploy.0 = Debug|Any CPU
		{5404E683-1716-4825-AFD8-8B4FF867E5EB}.Release|Any CPU.ActiveCfg = Release|Any CPU
		{5404E683-1716-4825-AFD8-8B4FF867E5EB}.Release|Any CPU.Build.0 = Release|Any CPU
		{5404E683-1716-4825-AFD8-8B4FF867E5EB}.Release|Any CPU.Deploy.0 = Release|Any CPU
	EndGlobalSection
	GlobalSection(SolutionProperties) = preSolution
		HideSolutionNode = FALSE
	EndGlobalSection
	GlobalSection(ExtensibilityGlobals) = postSolution
		SolutionGuid = {9F7B45A5-7DDE-41EC-B482-0DB3A8DFE98F}
	EndGlobalSection
EndGlobal
